<?xml version="1.0" encoding="utf-8"?>
<Project ToolsVersion="4.0" xmlns="http://schemas.microsoft.com/developer/msbuild/2003">
  <ItemGroup>
    <Filter Include="Source Files">
      <UniqueIdentifier>{4FC737F1-C7A5-4376-A066-2A32D752A2FF}</UniqueIdentifier>
      <Extensions>cpp;c;cc;cxx;c++;cppm;ixx;def;odl;idl;hpj;bat;asm;asmx</Extensions>
    </Filter>
    <Filter Include="APIs">
      <UniqueIdentifier>{93995380-89BD-4b04-88EB-625FBE52EBFB}</UniqueIdentifier>
      <Extensions>h;hh;hpp;hxx;h++;hm;inl;inc;ipp;xsd</Extensions>
    </Filter>
    <Filter Include="DataBase">
      <UniqueIdentifier>{67DA6AB6-F800-4c08-8B7A-83BB121AAD01}</UniqueIdentifier>
      <Extensions>rc;ico;cur;bmp;dlg;rc2;rct;bin;rgs;gif;jpg;jpeg;jpe;resx;tiff;tif;png;wav;mfcribbon-ms</Extensions>
    </Filter>
    <Filter Include="Models">
      <UniqueIdentifier>{6ae6a668-a292-4e11-addf-be5ca5be89dc}</UniqueIdentifier>
    </Filter>
  </ItemGroup>
  <ItemGroup>
    <ClCompile Include="main.cpp">
      <Filter>Source Files</Filter>
    </ClCompile>
    <ClCompile Include="sqlite-header\shell.c">
      <Filter>Source Files</Filter>
    </ClCompile>
    <ClCompile Include="sqlite-header\sqlite3.c">
      <Filter>Source Files</Filter>
    </ClCompile>
  </ItemGroup>
  <ItemGroup>
    <ClInclude Include="check_conn_error.h">
      <Filter>DataBase</Filter>
    </ClInclude>
    <ClInclude Include="database_conn.h">
      <Filter>DataBase</Filter>
    </ClInclude>
    <ClInclude Include="OpenDataBase.h">
      <Filter>DataBase</Filter>
    </ClInclude>
    <ClInclude Include="user_database.h">
      <Filter>DataBase</Filter>
    </ClInclude>
    <ClInclude Include="api_products.h">
      <Filter>APIs</Filter>
    </ClInclude>
    <ClInclude Include="api_users.h">
      <Filter>APIs</Filter>
    </ClInclude>
    <ClInclude Include="model_products.h">
      <Filter>Models</Filter>
    </ClInclude>
    <ClInclude Include="model_users.h">
      <Filter>Models</Filter>
    </ClInclude>
  </ItemGroup>
</Project>